
Microsoft Visual Studio Solution File, Format Version 12.00
# Visual Studio Version 17
VisualStudioVersion = 17.7.34221.43
MinimumVisualStudioVersion = 10.0.40219.1
Project("{FAE04EC0-301F-11D3-BF4B-00C04F79EFBC}") = "SuperStarTrek", "SuperStarTrek\SuperStarTrek.csproj", "{526F5908-4511-41F7-9FA4-68EAC2222E3B}"
EndProject
Project("{FAE04EC0-301F-11D3-BF4B-00C04F79EFBC}") = "ConsoleGame.Common", "SuperStarTrek.Common\ConsoleGame.Common.csproj", "{D59CF694-9081-4C84-9B72-C2152CCEAF64}"
EndProject
Project("{FAE04EC0-301F-11D3-BF4B-00C04F79EFBC}") = "SuperStarTrek.Entities", "SuperStarTrek.Entities\SuperStarTrek.Entities.csproj", "{62B2E6A4-D3BE-4640-9ACD-703C645180F2}"
EndProject
Global
	GlobalSection(SolutionConfigurationPlatforms) = preSolution
		Debug|Any CPU = Debug|Any CPU
		Release|Any CPU = Release|Any CPU
	EndGlobalSection
	GlobalSection(ProjectConfigurationPlatforms) = postSolution
		{526F5908-4511-41F7-9FA4-68EAC2222E3B}.Debug|Any CPU.ActiveCfg = Debug|Any CPU
		{526F5908-4511-41F7-9FA4-68EAC2222E3B}.Debug|Any CPU.Build.0 = Debug|Any CPU
		{526F5908-4511-41F7-9FA4-68EAC2222E3B}.Release|Any CPU.ActiveCfg = Release|Any CPU
		{526F5908-4511-41F7-9FA4-68EAC2222E3B}.Release|Any CPU.Build.0 = Release|Any CPU
		{D59CF694-9081-4C84-9B72-C2152CCEAF64}.Debug|Any CPU.ActiveCfg = Debug|Any CPU
		{D59CF694-9081-4C84-9B72-C2152CCEAF64}.Debug|Any CPU.Build.0 = Debug|Any CPU
		{D59CF694-9081-4C84-9B72-C2152CCEAF64}.Release|Any CPU.ActiveCfg = Release|Any CPU
		{D59CF694-9081-4C84-9B72-C2152CCEAF64}.Release|Any CPU.Build.0 = Release|Any CPU
		{62B2E6A4-D3BE-4640-9ACD-703C645180F2}.Debug|Any CPU.ActiveCfg = Debug|Any CPU
		{62B2E6A4-D3BE-4640-9ACD-703C645180F2}.Debug|Any CPU.Build.0 = Debug|Any CPU
		{62B2E6A4-D3BE-4640-9ACD-703C645180F2}.Release|Any CPU.ActiveCfg = Release|Any CPU
		{62B2E6A4-D3BE-4640-9ACD-703C645180F2}.Release|Any CPU.Build.0 = Release|Any CPU
	EndGlobalSection
	GlobalSection(SolutionProperties) = preSolution
		HideSolutionNode = FALSE
	EndGlobalSection
	GlobalSection(ExtensibilityGlobals) = postSolution
		SolutionGuid = {6ECBF8E7-48B2-4F5C-ADCE-20746B68C762}
	EndGlobalSection
EndGlobal
